
Microsoft Visual Studio Solution File, Format Version 12.00
# Visual Studio 15
VisualStudioVersion = 15.0.28010.2048
MinimumVisualStudioVersion = 10.0.40219.1
Project("{FAE04EC0-301F-11D3-BF4B-00C04F79EFBC}") = "EasyJoyResume", "EasyJoyResume\EasyJoyResume.csproj", "{0F5F7E01-23E4-429D-A4A5-78E2625DD17E}"
EndProject
Global
	GlobalSection(SolutionConfigurationPlatforms) = preSolution
		Debug|Any CPU = Debug|Any CPU
		Release|Any CPU = Release|Any CPU
	EndGlobalSection
	GlobalSection(ProjectConfigurationPlatforms) = postSolution
		{0F5F7E01-23E4-429D-A4A5-78E2625DD17E}.Debug|Any CPU.ActiveCfg = Debug|Any CPU
		{0F5F7E01-23E4-429D-A4A5-78E2625DD17E}.Debug|Any CPU.Build.0 = Debug|Any CPU
		{0F5F7E01-23E4-429D-A4A5-78E2625DD17E}.Release|Any CPU.ActiveCfg = Release|Any CPU
		{0F5F7E01-23E4-429D-A4A5-78E2625DD17E}.Release|Any CPU.Build.0 = Release|Any CPU
	EndGlobalSection
	GlobalSection(SolutionProperties) = preSolution
		HideSolutionNode = FALSE
	EndGlobalSection
	GlobalSection(ExtensibilityGlobals) = postSolution
		SolutionGuid = {55A21C28-E0A7-4BE6-AA65-86F287DC5C09}
	EndGlobalSection
EndGlobal
